
Microsoft Visual Studio Solution File, Format Version 12.00
# Visual Studio 15
VisualStudioVersion = 15.0.25807.0
MinimumVisualStudioVersion = 10.0.40219.1
Project("{2150E333-8FDC-42A3-9474-1A3956D46DE8}") = "Engine", "Engine", "{51BDF9FB-E80B-417B-AE58-4665868F4D22}"
EndProject
Project("{2150E333-8FDC-42A3-9474-1A3956D46DE8}") = "Games", "Games", "{383AFB44-A17E-4412-8584-089BB2F7D5FC}"
EndProject
Project("{8BC9CEB8-8B4A-11D0-8D11-00A0C91BC942}") = "UE4", "Intermediate\ProjectFiles\UE4.vcxproj", "{83B1D703-8A21-45D5-933C-75CEB7170024}"
EndProject
Project("{8BC9CEB8-8B4A-11D0-8D11-00A0C91BC942}") = "Screenshoter", "Intermediate\ProjectFiles\Screenshoter.vcxproj", "{DD57443F-3E51-4D07-8963-D34F834204CE}"
EndProject
Global
	GlobalSection(SolutionConfigurationPlatforms) = preSolution
		DebugGame Editor|Android = DebugGame Editor|Android
		DebugGame Editor|HTML5 = DebugGame Editor|HTML5
		DebugGame Editor|Win32 = DebugGame Editor|Win32
		DebugGame Editor|Win64 = DebugGame Editor|Win64
		DebugGame|Android = DebugGame|Android
		DebugGame|HTML5 = DebugGame|HTML5
		DebugGame|Win32 = DebugGame|Win32
		DebugGame|Win64 = DebugGame|Win64
		Development Editor|Android = Development Editor|Android
		Development Editor|HTML5 = Development Editor|HTML5
		Development Editor|Win32 = Development Editor|Win32
		Development Editor|Win64 = Development Editor|Win64
		Development|Android = Development|Android
		Development|HTML5 = Development|HTML5
		Development|Win32 = Development|Win32
		Development|Win64 = Development|Win64
		Shipping|Android = Shipping|Android
		Shipping|HTML5 = Shipping|HTML5
		Shipping|Win32 = Shipping|Win32
		Shipping|Win64 = Shipping|Win64
	EndGlobalSection
	GlobalSection(ProjectConfigurationPlatforms) = postSolution
		{83B1D703-8A21-45D5-933C-75CEB7170024}.DebugGame Editor|Android.ActiveCfg = BuiltWithUnrealBuildTool|Win32
		{83B1D703-8A21-45D5-933C-75CEB7170024}.DebugGame Editor|Android.Build.0 = BuiltWithUnrealBuildTool|Win32
		{83B1D703-8A21-45D5-933C-75CEB7170024}.DebugGame Editor|HTML5.ActiveCfg = BuiltWithUnrealBuildTool|Win32
		{83B1D703-8A21-45D5-933C-75CEB7170024}.DebugGame Editor|HTML5.Build.0 = BuiltWithUnrealBuildTool|Win32
		{83B1D703-8A21-45D5-933C-75CEB7170024}.DebugGame Editor|Win32.ActiveCfg = BuiltWithUnrealBuildTool|Win32
		{83B1D703-8A21-45D5-933C-75CEB7170024}.DebugGame Editor|Win32.Build.0 = BuiltWithUnrealBuildTool|Win32
		{83B1D703-8A21-45D5-933C-75CEB7170024}.DebugGame Editor|Win64.ActiveCfg = BuiltWithUnrealBuildTool|Win32
		{83B1D703-8A21-45D5-933C-75CEB7170024}.DebugGame Editor|Win64.Build.0 = BuiltWithUnrealBuildTool|Win32
		{83B1D703-8A21-45D5-933C-75CEB7170024}.DebugGame|Android.ActiveCfg = BuiltWithUnrealBuildTool|Win32
		{83B1D703-8A21-45D5-933C-75CEB7170024}.DebugGame|Android.Build.0 = BuiltWithUnrealBuildTool|Win32
		{83B1D703-8A21-45D5-933C-75CEB7170024}.DebugGame|HTML5.ActiveCfg = BuiltWithUnrealBuildTool|Win32
		{83B1D703-8A21-45D5-933C-75CEB7170024}.DebugGame|HTML5.Build.0 = BuiltWithUnrealBuildTool|Win32
		{83B1D703-8A21-45D5-933C-75CEB7170024}.DebugGame|Win32.ActiveCfg = BuiltWithUnrealBuildTool|Win32
		{83B1D703-8A21-45D5-933C-75CEB7170024}.DebugGame|Win32.Build.0 = BuiltWithUnrealBuildTool|Win32
		{83B1D703-8A21-45D5-933C-75CEB7170024}.DebugGame|Win64.ActiveCfg = BuiltWithUnrealBuildTool|Win32
		{83B1D703-8A21-45D5-933C-75CEB7170024}.DebugGame|Win64.Build.0 = BuiltWithUnrealBuildTool|Win32
		{83B1D703-8A21-45D5-933C-75CEB7170024}.Development Editor|Android.ActiveCfg = BuiltWithUnrealBuildTool|Win32
		{83B1D703-8A21-45D5-933C-75CEB7170024}.Development Editor|Android.Build.0 = BuiltWithUnrealBuildTool|Win32
		{83B1D703-8A21-45D5-933C-75CEB7170024}.Development Editor|HTML5.ActiveCfg = BuiltWithUnrealBuildTool|Win32
		{83B1D703-8A21-45D5-933C-75CEB7170024}.Development Editor|HTML5.Build.0 = BuiltWithUnrealBuildTool|Win32
		{83B1D703-8A21-45D5-933C-75CEB7170024}.Development Editor|Win32.ActiveCfg = BuiltWithUnrealBuildTool|Win32
		{83B1D703-8A21-45D5-933C-75CEB7170024}.Development Editor|Win32.Build.0 = BuiltWithUnrealBuildTool|Win32
		{83B1D703-8A21-45D5-933C-75CEB7170024}.Development Editor|Win64.ActiveCfg = BuiltWithUnrealBuildTool|Win32
		{83B1D703-8A21-45D5-933C-75CEB7170024}.Development Editor|Win64.Build.0 = BuiltWithUnrealBuildTool|Win32
		{83B1D703-8A21-45D5-933C-75CEB7170024}.Development|Android.ActiveCfg = BuiltWithUnrealBuildTool|Win32
		{83B1D703-8A21-45D5-933C-75CEB7170024}.Development|Android.Build.0 = BuiltWithUnrealBuildTool|Win32
		{83B1D703-8A21-45D5-933C-75CEB7170024}.Development|HTML5.ActiveCfg = BuiltWithUnrealBuildTool|Win32
		{83B1D703-8A21-45D5-933C-75CEB7170024}.Development|HTML5.Build.0 = BuiltWithUnrealBuildTool|Win32
		{83B1D703-8A21-45D5-933C-75CEB7170024}.Development|Win32.ActiveCfg = BuiltWithUnrealBuildTool|Win32
		{83B1D703-8A21-45D5-933C-75CEB7170024}.Development|Win32.Build.0 = BuiltWithUnrealBuildTool|Win32
		{83B1D703-8A21-45D5-933C-75CEB7170024}.Development|Win64.ActiveCfg = BuiltWithUnrealBuildTool|Win32
		{83B1D703-8A21-45D5-933C-75CEB7170024}.Development|Win64.Build.0 = BuiltWithUnrealBuildTool|Win32
		{83B1D703-8A21-45D5-933C-75CEB7170024}.Shipping|Android.ActiveCfg = BuiltWithUnrealBuildTool|Win32
		{83B1D703-8A21-45D5-933C-75CEB7170024}.Shipping|Android.Build.0 = BuiltWithUnrealBuildTool|Win32
		{83B1D703-8A21-45D5-933C-75CEB7170024}.Shipping|HTML5.ActiveCfg = BuiltWithUnrealBuildTool|Win32
		{83B1D703-8A21-45D5-933C-75CEB7170024}.Shipping|HTML5.Build.0 = BuiltWithUnrealBuildTool|Win32
		{83B1D703-8A21-45D5-933C-75CEB7170024}.Shipping|Win32.ActiveCfg = BuiltWithUnrealBuildTool|Win32
		{83B1D703-8A21-45D5-933C-75CEB7170024}.Shipping|Win32.Build.0 = BuiltWithUnrealBuildTool|Win32
		{83B1D703-8A21-45D5-933C-75CEB7170024}.Shipping|Win64.ActiveCfg = BuiltWithUnrealBuildTool|Win32
		{83B1D703-8A21-45D5-933C-75CEB7170024}.Shipping|Win64.Build.0 = BuiltWithUnrealBuildTool|Win32
		{DD57443F-3E51-4D07-8963-D34F834204CE}.DebugGame Editor|Android.ActiveCfg = Android_DebugGame_Editor|Win32
		{DD57443F-3E51-4D07-8963-D34F834204CE}.DebugGame Editor|HTML5.ActiveCfg = HTML5_DebugGame_Editor|Win32
		{DD57443F-3E51-4D07-8963-D34F834204CE}.DebugGame Editor|Win32.ActiveCfg = DebugGame_Editor|Win32
		{DD57443F-3E51-4D07-8963-D34F834204CE}.DebugGame Editor|Win64.ActiveCfg = DebugGame_Editor|x64
		{DD57443F-3E51-4D07-8963-D34F834204CE}.DebugGame Editor|Win64.Build.0 = DebugGame_Editor|x64
		{DD57443F-3E51-4D07-8963-D34F834204CE}.DebugGame|Android.ActiveCfg = Android_DebugGame_Game|Win32
		{DD57443F-3E51-4D07-8963-D34F834204CE}.DebugGame|Android.Build.0 = Android_DebugGame_Game|Win32
		{DD57443F-3E51-4D07-8963-D34F834204CE}.DebugGame|HTML5.ActiveCfg = HTML5_DebugGame_Game|Win32
		{DD57443F-3E51-4D07-8963-D34F834204CE}.DebugGame|HTML5.Build.0 = HTML5_DebugGame_Game|Win32
		{DD57443F-3E51-4D07-8963-D34F834204CE}.DebugGame|Win32.ActiveCfg = DebugGame_Game|Win32
		{DD57443F-3E51-4D07-8963-D34F834204CE}.DebugGame|Win32.Build.0 = DebugGame_Game|Win32
		{DD57443F-3E51-4D07-8963-D34F834204CE}.DebugGame|Win64.ActiveCfg = DebugGame_Game|x64
		{DD57443F-3E51-4D07-8963-D34F834204CE}.DebugGame|Win64.Build.0 = DebugGame_Game|x64
		{DD57443F-3E51-4D07-8963-D34F834204CE}.Development Editor|Android.ActiveCfg = Android_Development_Editor|Win32
		{DD57443F-3E51-4D07-8963-D34F834204CE}.Development Editor|HTML5.ActiveCfg = HTML5_Development_Editor|Win32
		{DD57443F-3E51-4D07-8963-D34F834204CE}.Development Editor|Win32.ActiveCfg = Development_Editor|Win32
		{DD57443F-3E51-4D07-8963-D34F834204CE}.Development Editor|Win64.ActiveCfg = Development_Editor|x64
		{DD57443F-3E51-4D07-8963-D34F834204CE}.Development Editor|Win64.Build.0 = Development_Editor|x64
		{DD57443F-3E51-4D07-8963-D34F834204CE}.Development|Android.ActiveCfg = Android_Development_Game|Win32
		{DD57443F-3E51-4D07-8963-D34F834204CE}.Development|Android.Build.0 = Android_Development_Game|Win32
		{DD57443F-3E51-4D07-8963-D34F834204CE}.Development|HTML5.ActiveCfg = HTML5_Development_Game|Win32
		{DD57443F-3E51-4D07-8963-D34F834204CE}.Development|HTML5.Build.0 = HTML5_Development_Game|Win32
		{DD57443F-3E51-4D07-8963-D34F834204CE}.Development|Win32.ActiveCfg = Development_Game|Win32
		{DD57443F-3E51-4D07-8963-D34F834204CE}.Development|Win32.Build.0 = Development_Game|Win32
		{DD57443F-3E51-4D07-8963-D34F834204CE}.Development|Win64.ActiveCfg = Development_Game|x64
		{DD57443F-3E51-4D07-8963-D34F834204CE}.Development|Win64.Build.0 = Development_Game|x64
		{DD57443F-3E51-4D07-8963-D34F834204CE}.Shipping|Android.ActiveCfg = Android_Shipping_Game|Win32
		{DD57443F-3E51-4D07-8963-D34F834204CE}.Shipping|Android.Build.0 = Android_Shipping_Game|Win32
		{DD57443F-3E51-4D07-8963-D34F834204CE}.Shipping|HTML5.ActiveCfg = HTML5_Shipping_Game|Win32
		{DD57443F-3E51-4D07-8963-D34F834204CE}.Shipping|HTML5.Build.0 = HTML5_Shipping_Game|Win32
		{DD57443F-3E51-4D07-8963-D34F834204CE}.Shipping|Win32.ActiveCfg = Shipping_Game|Win32
		{DD57443F-3E51-4D07-8963-D34F834204CE}.Shipping|Win32.Build.0 = Shipping_Game|Win32
		{DD57443F-3E51-4D07-8963-D34F834204CE}.Shipping|Win64.ActiveCfg = Shipping_Game|x64
		{DD57443F-3E51-4D07-8963-D34F834204CE}.Shipping|Win64.Build.0 = Shipping_Game|x64
	EndGlobalSection
	GlobalSection(SolutionProperties) = preSolution
		HideSolutionNode = FALSE
	EndGlobalSection
	GlobalSection(NestedProjects) = preSolution
		{83B1D703-8A21-45D5-933C-75CEB7170024} = {51BDF9FB-E80B-417B-AE58-4665868F4D22}
		{DD57443F-3E51-4D07-8963-D34F834204CE} = {383AFB44-A17E-4412-8584-089BB2F7D5FC}
	EndGlobalSection
	GlobalSection(ExtensibilityGlobals) = postSolution
		SolutionGuid = {800850E2-6B93-4F1B-ADDB-5811BDDF8C63}
	EndGlobalSection
EndGlobal
